
Microsoft Visual Studio Solution File, Format Version 12.00
# Visual Studio Version 16
VisualStudioVersion = 16.0.29920.165
MinimumVisualStudioVersion = 10.0.40219.1
Project("{FAE04EC0-301F-11D3-BF4B-00C04F79EFBC}") = "MyApp.Android", "MyApp\MyApp.Android\MyApp.Android.csproj", "{D385FC3B-C7F5-418B-987E-32E3F5A0B63F}"
EndProject
Project("{FAE04EC0-301F-11D3-BF4B-00C04F79EFBC}") = "MyApp.iOS", "MyApp\MyApp.iOS\MyApp.iOS.csproj", "{80C6A62F-BB7C-45AE-A67A-465F294F7F8D}"
EndProject
Project("{FAE04EC0-301F-11D3-BF4B-00C04F79EFBC}") = "MyApp", "MyApp\MyApp\MyApp.csproj", "{8693B837-3393-461D-B3B3-C840234205AB}"
EndProject
Global
	GlobalSection(SolutionConfigurationPlatforms) = preSolution
		Debug|Any CPU = Debug|Any CPU
		Debug|iPhone = Debug|iPhone
		Debug|iPhoneSimulator = Debug|iPhoneSimulator
		Release|Any CPU = Release|Any CPU
		Release|iPhone = Release|iPhone
		Release|iPhoneSimulator = Release|iPhoneSimulator
	EndGlobalSection
	GlobalSection(ProjectConfigurationPlatforms) = postSolution
		{D385FC3B-C7F5-418B-987E-32E3F5A0B63F}.Debug|Any CPU.ActiveCfg = Debug|Any CPU
		{D385FC3B-C7F5-418B-987E-32E3F5A0B63F}.Debug|Any CPU.Build.0 = Debug|Any CPU
		{D385FC3B-C7F5-418B-987E-32E3F5A0B63F}.Debug|Any CPU.Deploy.0 = Debug|Any CPU
		{D385FC3B-C7F5-418B-987E-32E3F5A0B63F}.Debug|iPhone.ActiveCfg = Debug|Any CPU
		{D385FC3B-C7F5-418B-987E-32E3F5A0B63F}.Debug|iPhone.Build.0 = Debug|Any CPU
		{D385FC3B-C7F5-418B-987E-32E3F5A0B63F}.Debug|iPhone.Deploy.0 = Debug|Any CPU
		{D385FC3B-C7F5-418B-987E-32E3F5A0B63F}.Debug|iPhoneSimulator.ActiveCfg = Debug|Any CPU
		{D385FC3B-C7F5-418B-987E-32E3F5A0B63F}.Debug|iPhoneSimulator.Build.0 = Debug|Any CPU
		{D385FC3B-C7F5-418B-987E-32E3F5A0B63F}.Debug|iPhoneSimulator.Deploy.0 = Debug|Any CPU
		{D385FC3B-C7F5-418B-987E-32E3F5A0B63F}.Release|Any CPU.ActiveCfg = Release|Any CPU
		{D385FC3B-C7F5-418B-987E-32E3F5A0B63F}.Release|Any CPU.Build.0 = Release|Any CPU
		{D385FC3B-C7F5-418B-987E-32E3F5A0B63F}.Release|Any CPU.Deploy.0 = Release|Any CPU
		{D385FC3B-C7F5-418B-987E-32E3F5A0B63F}.Release|iPhone.ActiveCfg = Release|Any CPU
		{D385FC3B-C7F5-418B-987E-32E3F5A0B63F}.Release|iPhone.Build.0 = Release|Any CPU
		{D385FC3B-C7F5-418B-987E-32E3F5A0B63F}.Release|iPhone.Deploy.0 = Release|Any CPU
		{D385FC3B-C7F5-418B-987E-32E3F5A0B63F}.Release|iPhoneSimulator.ActiveCfg = Release|Any CPU
		{D385FC3B-C7F5-418B-987E-32E3F5A0B63F}.Release|iPhoneSimulator.Build.0 = Release|Any CPU
		{D385FC3B-C7F5-418B-987E-32E3F5A0B63F}.Release|iPhoneSimulator.Deploy.0 = Release|Any CPU
		{80C6A62F-BB7C-45AE-A67A-465F294F7F8D}.Debug|Any CPU.ActiveCfg = Debug|iPhone
		{80C6A62F-BB7C-45AE-A67A-465F294F7F8D}.Debug|Any CPU.Build.0 = Debug|iPhone
		{80C6A62F-BB7C-45AE-A67A-465F294F7F8D}.Debug|Any CPU.Deploy.0 = Debug|iPhone
		{80C6A62F-BB7C-45AE-A67A-465F294F7F8D}.Debug|iPhone.ActiveCfg = Debug|iPhone
		{80C6A62F-BB7C-45AE-A67A-465F294F7F8D}.Debug|iPhone.Build.0 = Debug|iPhone
		{80C6A62F-BB7C-45AE-A67A-465F294F7F8D}.Debug|iPhone.Deploy.0 = Debug|iPhone
		{80C6A62F-BB7C-45AE-A67A-465F294F7F8D}.Debug|iPhoneSimulator.ActiveCfg = Debug|iPhoneSimulator
		{80C6A62F-BB7C-45AE-A67A-465F294F7F8D}.Debug|iPhoneSimulator.Build.0 = Debug|iPhoneSimulator
		{80C6A62F-BB7C-45AE-A67A-465F294F7F8D}.Debug|iPhoneSimulator.Deploy.0 = Debug|iPhoneSimulator
		{80C6A62F-BB7C-45AE-A67A-465F294F7F8D}.Release|Any CPU.ActiveCfg = Release|iPhone
		{80C6A62F-BB7C-45AE-A67A-465F294F7F8D}.Release|Any CPU.Build.0 = Release|iPhone
		{80C6A62F-BB7C-45AE-A67A-465F294F7F8D}.Release|Any CPU.Deploy.0 = Release|iPhone
		{80C6A62F-BB7C-45AE-A67A-465F294F7F8D}.Release|iPhone.ActiveCfg = Release|iPhone
		{80C6A62F-BB7C-45AE-A67A-465F294F7F8D}.Release|iPhone.Build.0 = Release|iPhone
		{80C6A62F-BB7C-45AE-A67A-465F294F7F8D}.Release|iPhone.Deploy.0 = Release|iPhone
		{80C6A62F-BB7C-45AE-A67A-465F294F7F8D}.Release|iPhoneSimulator.ActiveCfg = Release|iPhoneSimulator
		{80C6A62F-BB7C-45AE-A67A-465F294F7F8D}.Release|iPhoneSimulator.Build.0 = Release|iPhoneSimulator
		{80C6A62F-BB7C-45AE-A67A-465F294F7F8D}.Release|iPhoneSimulator.Deploy.0 = Release|iPhoneSimulator
		{8693B837-3393-461D-B3B3-C840234205AB}.Debug|Any CPU.ActiveCfg = Debug|Any CPU
		{8693B837-3393-461D-B3B3-C840234205AB}.Debug|Any CPU.Build.0 = Debug|Any CPU
		{8693B837-3393-461D-B3B3-C840234205AB}.Debug|Any CPU.Deploy.0 = Debug|Any CPU
		{8693B837-3393-461D-B3B3-C840234205AB}.Debug|iPhone.ActiveCfg = Debug|Any CPU
		{8693B837-3393-461D-B3B3-C840234205AB}.Debug|iPhone.Build.0 = Debug|Any CPU
		{8693B837-3393-461D-B3B3-C840234205AB}.Debug|iPhone.Deploy.0 = Debug|Any CPU
		{8693B837-3393-461D-B3B3-C840234205AB}.Debug|iPhoneSimulator.ActiveCfg = Debug|Any CPU
		{8693B837-3393-461D-B3B3-C840234205AB}.Debug|iPhoneSimulator.Build.0 = Debug|Any CPU
		{8693B837-3393-461D-B3B3-C840234205AB}.Debug|iPhoneSimulator.Deploy.0 = Debug|Any CPU
		{8693B837-3393-461D-B3B3-C840234205AB}.Release|Any CPU.ActiveCfg = Release|Any CPU
		{8693B837-3393-461D-B3B3-C840234205AB}.Release|Any CPU.Build.0 = Release|Any CPU
		{8693B837-3393-461D-B3B3-C840234205AB}.Release|Any CPU.Deploy.0 = Release|Any CPU
		{8693B837-3393-461D-B3B3-C840234205AB}.Release|iPhone.ActiveCfg = Release|Any CPU
		{8693B837-3393-461D-B3B3-C840234205AB}.Release|iPhone.Build.0 = Release|Any CPU
		{8693B837-3393-461D-B3B3-C840234205AB}.Release|iPhone.Deploy.0 = Release|Any CPU
		{8693B837-3393-461D-B3B3-C840234205AB}.Release|iPhoneSimulator.ActiveCfg = Release|Any CPU
		{8693B837-3393-461D-B3B3-C840234205AB}.Release|iPhoneSimulator.Build.0 = Release|Any CPU
		{8693B837-3393-461D-B3B3-C840234205AB}.Release|iPhoneSimulator.Deploy.0 = Release|Any CPU
	EndGlobalSection
	GlobalSection(SolutionProperties) = preSolution
		HideSolutionNode = FALSE
	EndGlobalSection
	GlobalSection(ExtensibilityGlobals) = postSolution
		SolutionGuid = {A37A59E9-5450-441F-AF46-ABF4B816F695}
	EndGlobalSection
EndGlobal
